
Microsoft Visual Studio Solution File, Format Version 12.00
# Visual Studio 15
VisualStudioVersion = 15.0.26124.0
MinimumVisualStudioVersion = 15.0.26124.0
Project("{2150E333-8FDC-42A3-9474-1A3956D46DE8}") = "src", "src", "{06651B7E-182C-4154-9E5B-E895AFA1FF24}"
EndProject
Project("{FAE04EC0-301F-11D3-BF4B-00C04F79EFBC}") = "AwsCdkPhoneVerifyApi", "src\AwsCdkPhoneVerifyApi\AwsCdkPhoneVerifyApi.csproj", "{79ABE4F6-C6F5-4867-915F-3BE623CC651D}"
EndProject
Global
	GlobalSection(SolutionConfigurationPlatforms) = preSolution
		Debug|Any CPU = Debug|Any CPU
		Debug|x64 = Debug|x64
		Debug|x86 = Debug|x86
		Release|Any CPU = Release|Any CPU
		Release|x64 = Release|x64
		Release|x86 = Release|x86
	EndGlobalSection
	GlobalSection(SolutionProperties) = preSolution
		HideSolutionNode = FALSE
	EndGlobalSection
	GlobalSection(ProjectConfigurationPlatforms) = postSolution
		{79ABE4F6-C6F5-4867-915F-3BE623CC651D}.Debug|Any CPU.ActiveCfg = Debug|Any CPU
		{79ABE4F6-C6F5-4867-915F-3BE623CC651D}.Debug|Any CPU.Build.0 = Debug|Any CPU
		{79ABE4F6-C6F5-4867-915F-3BE623CC651D}.Debug|x64.ActiveCfg = Debug|Any CPU
		{79ABE4F6-C6F5-4867-915F-3BE623CC651D}.Debug|x64.Build.0 = Debug|Any CPU
		{79ABE4F6-C6F5-4867-915F-3BE623CC651D}.Debug|x86.ActiveCfg = Debug|Any CPU
		{79ABE4F6-C6F5-4867-915F-3BE623CC651D}.Debug|x86.Build.0 = Debug|Any CPU
		{79ABE4F6-C6F5-4867-915F-3BE623CC651D}.Release|Any CPU.ActiveCfg = Release|Any CPU
		{79ABE4F6-C6F5-4867-915F-3BE623CC651D}.Release|Any CPU.Build.0 = Release|Any CPU
		{79ABE4F6-C6F5-4867-915F-3BE623CC651D}.Release|x64.ActiveCfg = Release|Any CPU
		{79ABE4F6-C6F5-4867-915F-3BE623CC651D}.Release|x64.Build.0 = Release|Any CPU
		{79ABE4F6-C6F5-4867-915F-3BE623CC651D}.Release|x86.ActiveCfg = Release|Any CPU
		{79ABE4F6-C6F5-4867-915F-3BE623CC651D}.Release|x86.Build.0 = Release|Any CPU
	EndGlobalSection
	GlobalSection(NestedProjects) = preSolution
		{79ABE4F6-C6F5-4867-915F-3BE623CC651D} = {06651B7E-182C-4154-9E5B-E895AFA1FF24}
	EndGlobalSection
EndGlobal
